
Microsoft Visual Studio Solution File, Format Version 12.00
# Visual Studio Version 16
VisualStudioVersion = 16.0.31702.278
MinimumVisualStudioVersion = 10.0.40219.1
Project("{FAE04EC0-301F-11D3-BF4B-00C04F79EFBC}") = "arrays", "arrays\arrays.csproj", "{5737F9A4-2746-4C2F-8EDC-35818D604B37}"
EndProject
Global
	GlobalSection(SolutionConfigurationPlatforms) = preSolution
		Debug|Any CPU = Debug|Any CPU
		Release|Any CPU = Release|Any CPU
	EndGlobalSection
	GlobalSection(ProjectConfigurationPlatforms) = postSolution
		{5737F9A4-2746-4C2F-8EDC-35818D604B37}.Debug|Any CPU.ActiveCfg = Debug|Any CPU
		{5737F9A4-2746-4C2F-8EDC-35818D604B37}.Debug|Any CPU.Build.0 = Debug|Any CPU
		{5737F9A4-2746-4C2F-8EDC-35818D604B37}.Release|Any CPU.ActiveCfg = Release|Any CPU
		{5737F9A4-2746-4C2F-8EDC-35818D604B37}.Release|Any CPU.Build.0 = Release|Any CPU
	EndGlobalSection
	GlobalSection(SolutionProperties) = preSolution
		HideSolutionNode = FALSE
	EndGlobalSection
	GlobalSection(ExtensibilityGlobals) = postSolution
		SolutionGuid = {61B0FC41-FD30-4215-BC6B-6DA010A09069}
	EndGlobalSection
EndGlobal
